{
    "version": 3,
    "terraform_version": "0.8.5",
    "serial": 0,
    "lineage": "e11eeab5-ec44-4988-b179-6fe255948d45",
    "modules": [
        {
            "path": [
                "root"
            ],
            "outputs": {},
            "resources": {
                "aws_instance.teting": {
                    "type": "aws_instance",
                    "depends_on": [
                        "aws_security_group.TFSG",
                        "aws_subnet.TFSUB"
                    ],
                    "primary": {
                        "id": "i-047bbf8dfe6eee009",
                        "attributes": {
                            "ami": "ami-0828173fb532d37c8",
                            "associate_public_ip_address": "false",
                            "availability_zone": "us-east-1c",
                            "disable_api_termination": "false",
                            "ebs_block_device.#": "1",
                            "ebs_block_device.1005075876.delete_on_termination": "false",
                            "ebs_block_device.1005075876.device_name": "/dev/sdf",
                            "ebs_block_device.1005075876.encrypted": "false",
                            "ebs_block_device.1005075876.iops": "210",
                            "ebs_block_device.1005075876.snapshot_id": "snap-0b162806f9b7c6726",
                            "ebs_block_device.1005075876.volume_size": "70",
                            "ebs_block_device.1005075876.volume_type": "gp2",
                            "ebs_optimized": "false",
                            "ephemeral_block_device.#": "0",
                            "iam_instance_profile": "",
                            "id": "i-047bbf8dfe6eee009",
                            "instance_state": "running",
                            "instance_type": "t2.micro",
                            "key_name": "",
                            "monitoring": "false",
                            "network_interface_id": "eni-09131bfd7452f27d2",
                            "private_dns": "ip-10-0-1-127.ec2.internal",
                            "private_ip": "10.0.1.127",
                            "public_dns": "",
                            "public_ip": "",
                            "root_block_device.#": "1",
                            "root_block_device.0.delete_on_termination": "true",
                            "root_block_device.0.iops": "100",
                            "root_block_device.0.volume_size": "10",
                            "root_block_device.0.volume_type": "gp2",
                            "security_groups.#": "0",
                            "source_dest_check": "true",
                            "subnet_id": "subnet-0678a0f9a97c41bdc",
                            "tags.%": "1",
                            "tags.Name": "terrafom testing",
                            "tenancy": "default",
                            "vpc_security_group_ids.#": "1",
                            "vpc_security_group_ids.218692569": "sg-00efd6c975e154ec6"
                        },
                        "meta": {
                            "schema_version": "1"
                        },
                        "tainted": false
                    },
                    "deposed": [],
                    "provider": ""
                },
                "aws_internet_gateway.TFGW": {
                    "type": "aws_internet_gateway",
                    "depends_on": [
                        "aws_vpc.TFVPC"
                    ],
                    "primary": {
                        "id": "igw-074da5f999dfb6bc2",
                        "attributes": {
                            "id": "igw-074da5f999dfb6bc2",
                            "tags.%": "1",
                            "tags.Name": "TFIG",
                            "vpc_id": "vpc-02d409ebfd830d050"
                        },
                        "meta": {},
                        "tainted": false
                    },
                    "deposed": [],
                    "provider": ""
                },
                "aws_route_table.TFRT": {
                    "type": "aws_route_table",
                    "depends_on": [
                        "aws_internet_gateway.TFGW",
                        "aws_vpc.TFVPC"
                    ],
                    "primary": {
                        "id": "rtb-0e8cad1fb6bec0616",
                        "attributes": {
                            "id": "rtb-0e8cad1fb6bec0616",
                            "propagating_vgws.#": "0",
                            "route.#": "1",
                            "route.1532191052.cidr_block": "0.0.0.0/0",
                            "route.1532191052.gateway_id": "igw-074da5f999dfb6bc2",
                            "route.1532191052.instance_id": "",
                            "route.1532191052.nat_gateway_id": "",
                            "route.1532191052.network_interface_id": "",
                            "route.1532191052.vpc_peering_connection_id": "",
                            "tags.%": "1",
                            "tags.Name": "TFRT",
                            "vpc_id": "vpc-02d409ebfd830d050"
                        },
                        "meta": {},
                        "tainted": false
                    },
                    "deposed": [],
                    "provider": ""
                },
                "aws_route_table_association.TFRTA": {
                    "type": "aws_route_table_association",
                    "depends_on": [
                        "aws_route_table.TFRT",
                        "aws_subnet.TFSUB"
                    ],
                    "primary": {
                        "id": "rtbassoc-0dfd79cd2ccbee6d9",
                        "attributes": {
                            "id": "rtbassoc-0dfd79cd2ccbee6d9",
                            "route_table_id": "rtb-0e8cad1fb6bec0616",
                            "subnet_id": "subnet-0678a0f9a97c41bdc"
                        },
                        "meta": {},
                        "tainted": false
                    },
                    "deposed": [],
                    "provider": ""
                },
                "aws_route_table_association.TFRTA1": {
                    "type": "aws_route_table_association",
                    "depends_on": [
                        "aws_route_table.TFRT",
                        "aws_subnet.TFSUB1"
                    ],
                    "primary": {
                        "id": "rtbassoc-0d4e81db48a0722a8",
                        "attributes": {
                            "id": "rtbassoc-0d4e81db48a0722a8",
                            "route_table_id": "rtb-0e8cad1fb6bec0616",
                            "subnet_id": "subnet-082f04725e6a8958d"
                        },
                        "meta": {},
                        "tainted": false
                    },
                    "deposed": [],
                    "provider": ""
                },
                "aws_security_group.TFSG": {
                    "type": "aws_security_group",
                    "depends_on": [
                        "aws_vpc.TFVPC"
                    ],
                    "primary": {
                        "id": "sg-00efd6c975e154ec6",
                        "attributes": {
                            "description": "Allow TLS inbound traffic",
                            "egress.#": "1",
                            "egress.482069346.cidr_blocks.#": "1",
                            "egress.482069346.cidr_blocks.0": "0.0.0.0/0",
                            "egress.482069346.from_port": "0",
                            "egress.482069346.prefix_list_ids.#": "0",
                            "egress.482069346.protocol": "-1",
                            "egress.482069346.security_groups.#": "0",
                            "egress.482069346.self": "false",
                            "egress.482069346.to_port": "0",
                            "id": "sg-00efd6c975e154ec6",
                            "ingress.#": "2",
                            "ingress.1677965357.cidr_blocks.#": "1",
                            "ingress.1677965357.cidr_blocks.0": "0.0.0.0/0",
                            "ingress.1677965357.from_port": "443",
                            "ingress.1677965357.protocol": "tcp",
                            "ingress.1677965357.security_groups.#": "0",
                            "ingress.1677965357.self": "false",
                            "ingress.1677965357.to_port": "443",
                            "ingress.1753530290.cidr_blocks.#": "1",
                            "ingress.1753530290.cidr_blocks.0": "0.0.0.0/0",
                            "ingress.1753530290.from_port": "22",
                            "ingress.1753530290.protocol": "tcp",
                            "ingress.1753530290.security_groups.#": "0",
                            "ingress.1753530290.self": "false",
                            "ingress.1753530290.to_port": "22",
                            "name": "TFSG",
                            "owner_id": "317620223751",
                            "tags.%": "0",
                            "vpc_id": "vpc-02d409ebfd830d050"
                        },
                        "meta": {},
                        "tainted": false
                    },
                    "deposed": [],
                    "provider": ""
                },
                "aws_subnet.TFSUB": {
                    "type": "aws_subnet",
                    "depends_on": [
                        "aws_vpc.TFVPC"
                    ],
                    "primary": {
                        "id": "subnet-0678a0f9a97c41bdc",
                        "attributes": {
                            "availability_zone": "us-east-1c",
                            "cidr_block": "10.0.1.0/24",
                            "id": "subnet-0678a0f9a97c41bdc",
                            "map_public_ip_on_launch": "false",
                            "tags.%": "1",
                            "tags.Name": "TFSUB",
                            "vpc_id": "vpc-02d409ebfd830d050"
                        },
                        "meta": {},
                        "tainted": false
                    },
                    "deposed": [],
                    "provider": ""
                },
                "aws_subnet.TFSUB1": {
                    "type": "aws_subnet",
                    "depends_on": [
                        "aws_vpc.TFVPC"
                    ],
                    "primary": {
                        "id": "subnet-082f04725e6a8958d",
                        "attributes": {
                            "availability_zone": "us-east-1a",
                            "cidr_block": "10.0.2.0/24",
                            "id": "subnet-082f04725e6a8958d",
                            "map_public_ip_on_launch": "false",
                            "tags.%": "1",
                            "tags.Name": "TFSUB1",
                            "vpc_id": "vpc-02d409ebfd830d050"
                        },
                        "meta": {},
                        "tainted": false
                    },
                    "deposed": [],
                    "provider": ""
                },
                "aws_vpc.TFVPC": {
                    "type": "aws_vpc",
                    "depends_on": [],
                    "primary": {
                        "id": "vpc-02d409ebfd830d050",
                        "attributes": {
                            "cidr_block": "10.0.0.0/16",
                            "default_network_acl_id": "acl-02d965edf11e7490c",
                            "default_route_table_id": "rtb-071d1a094ed8bbf13",
                            "default_security_group_id": "sg-005b2d48e7feb09d6",
                            "dhcp_options_id": "dopt-936330e8",
                            "enable_classiclink": "false",
                            "enable_dns_hostnames": "false",
                            "enable_dns_support": "true",
                            "id": "vpc-02d409ebfd830d050",
                            "instance_tenancy": "default",
                            "main_route_table_id": "rtb-071d1a094ed8bbf13",
                            "tags.%": "1",
                            "tags.Name": "TFVPC"
                        },
                        "meta": {},
                        "tainted": false
                    },
                    "deposed": [],
                    "provider": ""
                }
            },
            "depends_on": []
        }
    ]
}
